
Microsoft Visual Studio Solution File, Format Version 12.00
# Visual Studio Version 17
VisualStudioVersion = 17.12.35527.113
MinimumVisualStudioVersion = 10.0.40219.1
Project("{FAE04EC0-301F-11D3-BF4B-00C04F79EFBC}") = "SGFP", "SGFP.csproj", "{D19F18F3-8042-4267-8134-EC2B4ECA8A04}"
EndProject
Project("{FAE04EC0-301F-11D3-BF4B-00C04F79EFBC}") = "SGFP.test", "..\SGFP.test\SGFP.test.csproj", "{646CC620-4D9B-474F-B338-5C56A298AD26}"
EndProject
Global
	GlobalSection(SolutionConfigurationPlatforms) = preSolution
		Debug|Any CPU = Debug|Any CPU
		Release|Any CPU = Release|Any CPU
	EndGlobalSection
	GlobalSection(ProjectConfigurationPlatforms) = postSolution
		{D19F18F3-8042-4267-8134-EC2B4ECA8A04}.Debug|Any CPU.ActiveCfg = Debug|Any CPU
		{D19F18F3-8042-4267-8134-EC2B4ECA8A04}.Debug|Any CPU.Build.0 = Debug|Any CPU
		{D19F18F3-8042-4267-8134-EC2B4ECA8A04}.Release|Any CPU.ActiveCfg = Release|Any CPU
		{D19F18F3-8042-4267-8134-EC2B4ECA8A04}.Release|Any CPU.Build.0 = Release|Any CPU
		{646CC620-4D9B-474F-B338-5C56A298AD26}.Debug|Any CPU.ActiveCfg = Debug|Any CPU
		{646CC620-4D9B-474F-B338-5C56A298AD26}.Debug|Any CPU.Build.0 = Debug|Any CPU
		{646CC620-4D9B-474F-B338-5C56A298AD26}.Release|Any CPU.ActiveCfg = Release|Any CPU
		{646CC620-4D9B-474F-B338-5C56A298AD26}.Release|Any CPU.Build.0 = Release|Any CPU
	EndGlobalSection
	GlobalSection(SolutionProperties) = preSolution
		HideSolutionNode = FALSE
	EndGlobalSection
EndGlobal
